
Microsoft Visual Studio Solution File, Format Version 12.00
# Visual Studio Version 17
VisualStudioVersion = 17.7.34009.444
MinimumVisualStudioVersion = 10.0.40219.1
Project("{FAE04EC0-301F-11D3-BF4B-00C04F79EFBC}") = "WpfApp3", "WpfApp3.csproj", "{12593DAF-2692-4F81-8CB9-8785D40BD205}"
EndProject
Global
	GlobalSection(SolutionConfigurationPlatforms) = preSolution
		Debug|Any CPU = Debug|Any CPU
		Release|Any CPU = Release|Any CPU
	EndGlobalSection
	GlobalSection(ProjectConfigurationPlatforms) = postSolution
		{12593DAF-2692-4F81-8CB9-8785D40BD205}.Debug|Any CPU.ActiveCfg = Debug|Any CPU
		{12593DAF-2692-4F81-8CB9-8785D40BD205}.Debug|Any CPU.Build.0 = Debug|Any CPU
		{12593DAF-2692-4F81-8CB9-8785D40BD205}.Release|Any CPU.ActiveCfg = Release|Any CPU
		{12593DAF-2692-4F81-8CB9-8785D40BD205}.Release|Any CPU.Build.0 = Release|Any CPU
	EndGlobalSection
	GlobalSection(SolutionProperties) = preSolution
		HideSolutionNode = FALSE
	EndGlobalSection
	GlobalSection(ExtensibilityGlobals) = postSolution
		SolutionGuid = {E60E66BF-0906-4482-A330-1395860A13B8}
	EndGlobalSection
EndGlobal
